
Microsoft Visual Studio Solution File, Format Version 12.00
# Visual Studio Version 17
VisualStudioVersion = 17.9.34622.214
MinimumVisualStudioVersion = 10.0.40219.1
Project("{9A19103F-16F7-4668-BE54-9A1E7A4F7556}") = "MysteryMystery.github.io", "MysteryMystery.github.io\MysteryMystery.github.io.csproj", "{688B023B-E9BD-4DF7-9578-CABA302393CA}"
EndProject
Global
	GlobalSection(SolutionConfigurationPlatforms) = preSolution
		Debug|Any CPU = Debug|Any CPU
		Release|Any CPU = Release|Any CPU
	EndGlobalSection
	GlobalSection(ProjectConfigurationPlatforms) = postSolution
		{688B023B-E9BD-4DF7-9578-CABA302393CA}.Debug|Any CPU.ActiveCfg = Debug|Any CPU
		{688B023B-E9BD-4DF7-9578-CABA302393CA}.Debug|Any CPU.Build.0 = Debug|Any CPU
		{688B023B-E9BD-4DF7-9578-CABA302393CA}.Release|Any CPU.ActiveCfg = Release|Any CPU
		{688B023B-E9BD-4DF7-9578-CABA302393CA}.Release|Any CPU.Build.0 = Release|Any CPU
	EndGlobalSection
	GlobalSection(SolutionProperties) = preSolution
		HideSolutionNode = FALSE
	EndGlobalSection
	GlobalSection(ExtensibilityGlobals) = postSolution
		SolutionGuid = {048AA79B-A354-423C-AC4A-7A22A994514A}
	EndGlobalSection
EndGlobal
