
Microsoft Visual Studio Solution File, Format Version 12.00
# Visual Studio Version 17
VisualStudioVersion = 17.9.34622.214
MinimumVisualStudioVersion = 10.0.40219.1
Project("{FAE04EC0-301F-11D3-BF4B-00C04F79EFBC}") = "MysteryMystery.github.io", "MysteryMystery.github.io\MysteryMystery.github.io.csproj", "{25BE7FA1-BF01-4FA0-A198-281A8E1A5DF6}"
EndProject
Project("{FAE04EC0-301F-11D3-BF4B-00C04F79EFBC}") = "MysteryMystery.github.io.Components", "MysteryMystery.github.io.Components\MysteryMystery.github.io.Components.csproj", "{11B51270-1AD6-48F3-B868-C25A87406C68}"
EndProject
Project("{FAE04EC0-301F-11D3-BF4B-00C04F79EFBC}") = "MysteryMystery.github.io.Repositories", "MysteryMystery.github.io.Repositories\MysteryMystery.github.io.Repositories.csproj", "{E8B8C335-E5AA-4BB3-8A20-7269E3C15A5C}"
EndProject
Global
	GlobalSection(SolutionConfigurationPlatforms) = preSolution
		Debug|Any CPU = Debug|Any CPU
		Release|Any CPU = Release|Any CPU
	EndGlobalSection
	GlobalSection(ProjectConfigurationPlatforms) = postSolution
		{25BE7FA1-BF01-4FA0-A198-281A8E1A5DF6}.Debug|Any CPU.ActiveCfg = Debug|Any CPU
		{25BE7FA1-BF01-4FA0-A198-281A8E1A5DF6}.Debug|Any CPU.Build.0 = Debug|Any CPU
		{25BE7FA1-BF01-4FA0-A198-281A8E1A5DF6}.Release|Any CPU.ActiveCfg = Release|Any CPU
		{25BE7FA1-BF01-4FA0-A198-281A8E1A5DF6}.Release|Any CPU.Build.0 = Release|Any CPU
		{11B51270-1AD6-48F3-B868-C25A87406C68}.Debug|Any CPU.ActiveCfg = Debug|Any CPU
		{11B51270-1AD6-48F3-B868-C25A87406C68}.Debug|Any CPU.Build.0 = Debug|Any CPU
		{11B51270-1AD6-48F3-B868-C25A87406C68}.Release|Any CPU.ActiveCfg = Release|Any CPU
		{11B51270-1AD6-48F3-B868-C25A87406C68}.Release|Any CPU.Build.0 = Release|Any CPU
		{E8B8C335-E5AA-4BB3-8A20-7269E3C15A5C}.Debug|Any CPU.ActiveCfg = Debug|Any CPU
		{E8B8C335-E5AA-4BB3-8A20-7269E3C15A5C}.Debug|Any CPU.Build.0 = Debug|Any CPU
		{E8B8C335-E5AA-4BB3-8A20-7269E3C15A5C}.Release|Any CPU.ActiveCfg = Release|Any CPU
		{E8B8C335-E5AA-4BB3-8A20-7269E3C15A5C}.Release|Any CPU.Build.0 = Release|Any CPU
	EndGlobalSection
	GlobalSection(SolutionProperties) = preSolution
		HideSolutionNode = FALSE
	EndGlobalSection
	GlobalSection(ExtensibilityGlobals) = postSolution
		SolutionGuid = {048AA79B-A354-423C-AC4A-7A22A994514A}
	EndGlobalSection
EndGlobal
